
Microsoft Visual Studio Solution File, Format Version 12.00
# Visual Studio Version 17
VisualStudioVersion = 17.10.35027.167
MinimumVisualStudioVersion = 10.0.40219.1
Project("{FAE04EC0-301F-11D3-BF4B-00C04F79EFBC}") = "QrCode", "QrCode\QrCode.csproj", "{30092707-1176-4C65-BEBC-0F731C54CE06}"
EndProject
Global
	GlobalSection(SolutionConfigurationPlatforms) = preSolution
		Debug|Any CPU = Debug|Any CPU
		Release|Any CPU = Release|Any CPU
	EndGlobalSection
	GlobalSection(ProjectConfigurationPlatforms) = postSolution
		{30092707-1176-4C65-BEBC-0F731C54CE06}.Debug|Any CPU.ActiveCfg = Debug|Any CPU
		{30092707-1176-4C65-BEBC-0F731C54CE06}.Debug|Any CPU.Build.0 = Debug|Any CPU
		{30092707-1176-4C65-BEBC-0F731C54CE06}.Debug|Any CPU.Deploy.0 = Debug|Any CPU
		{30092707-1176-4C65-BEBC-0F731C54CE06}.Release|Any CPU.ActiveCfg = Release|Any CPU
		{30092707-1176-4C65-BEBC-0F731C54CE06}.Release|Any CPU.Build.0 = Release|Any CPU
		{30092707-1176-4C65-BEBC-0F731C54CE06}.Release|Any CPU.Deploy.0 = Release|Any CPU
	EndGlobalSection
	GlobalSection(SolutionProperties) = preSolution
		HideSolutionNode = FALSE
	EndGlobalSection
	GlobalSection(ExtensibilityGlobals) = postSolution
		SolutionGuid = {D33A0DB1-56A0-4565-BE4D-BD638C6ADB83}
	EndGlobalSection
EndGlobal
